
Microsoft Visual Studio Solution File, Format Version 12.00
# Visual Studio Version 17
VisualStudioVersion = 17.5.33530.505
MinimumVisualStudioVersion = 10.0.40219.1
Project("{FAE04EC0-301F-11D3-BF4B-00C04F79EFBC}") = "eTickets", "eTickets\eTickets.csproj", "{349B7F02-3BC9-4DF3-A743-7935871C4CF4}"
EndProject
Global
	GlobalSection(SolutionConfigurationPlatforms) = preSolution
		Debug|Any CPU = Debug|Any CPU
		Release|Any CPU = Release|Any CPU
	EndGlobalSection
	GlobalSection(ProjectConfigurationPlatforms) = postSolution
		{349B7F02-3BC9-4DF3-A743-7935871C4CF4}.Debug|Any CPU.ActiveCfg = Debug|Any CPU
		{349B7F02-3BC9-4DF3-A743-7935871C4CF4}.Debug|Any CPU.Build.0 = Debug|Any CPU
		{349B7F02-3BC9-4DF3-A743-7935871C4CF4}.Release|Any CPU.ActiveCfg = Release|Any CPU
		{349B7F02-3BC9-4DF3-A743-7935871C4CF4}.Release|Any CPU.Build.0 = Release|Any CPU
	EndGlobalSection
	GlobalSection(SolutionProperties) = preSolution
		HideSolutionNode = FALSE
	EndGlobalSection
	GlobalSection(ExtensibilityGlobals) = postSolution
		SolutionGuid = {543E8ADC-65AE-440B-B26B-0B66DF229EB1}
	EndGlobalSection
EndGlobal
